<?xml version="1.0" encoding="utf-8"?>
<Project ToolsVersion="4.0" xmlns="http://schemas.microsoft.com/developer/msbuild/2003">
  <ItemGroup>
    <Filter Include="Source Files">
      <UniqueIdentifier>{4FC737F1-C7A5-4376-A066-2A32D752A2FF}</UniqueIdentifier>
      <Extensions>cpp;c;cc;cxx;c++;cppm;ixx;def;odl;idl;hpj;bat;asm;asmx</Extensions>
    </Filter>
    <Filter Include="Header Files">
      <UniqueIdentifier>{93995380-89BD-4b04-88EB-625FBE52EBFB}</UniqueIdentifier>
      <Extensions>h;hh;hpp;hxx;h++;hm;inl;inc;ipp;xsd</Extensions>
    </Filter>
    <Filter Include="Resource Files">
      <UniqueIdentifier>{67DA6AB6-F800-4c08-8B7A-83BB121AAD01}</UniqueIdentifier>
      <Extensions>rc;ico;cur;bmp;dlg;rc2;rct;bin;rgs;gif;jpg;jpeg;jpe;resx;tiff;tif;png;wav;mfcribbon-ms</Extensions>
    </Filter>
    <Filter Include="Source Files\Utils">
      <UniqueIdentifier>{d7d4b200-5014-4605-9955-8203d558574a}</UniqueIdentifier>
    </Filter>
    <Filter Include="Source Files\Actor">
      <UniqueIdentifier>{d4fad0f3-394b-4bf0-9c1d-f3cf11894143}</UniqueIdentifier>
    </Filter>
    <Filter Include="Source Files\Rating">
      <UniqueIdentifier>{5ed013d7-0d1b-4cd3-bbba-bea278423aee}</UniqueIdentifier>
    </Filter>
    <Filter Include="Source Files\Movie">
      <UniqueIdentifier>{867f0daa-04ee-4c83-8053-245ef5a3e650}</UniqueIdentifier>
    </Filter>
  </ItemGroup>
  <ItemGroup>
    <ClCompile Include="imdbfinal.cpp">
      <Filter>Source Files</Filter>
    </ClCompile>
  </ItemGroup>
  <ItemGroup>
    <ClInclude Include="StringUtils.h">
      <Filter>Source Files\Utils</Filter>
    </ClInclude>
    <ClInclude Include="Actor.h">
      <Filter>Source Files\Actor</Filter>
    </ClInclude>
    <ClInclude Include="ActorList.h">
      <Filter>Source Files\Actor</Filter>
    </ClInclude>
    <ClInclude Include="RatingList.h">
      <Filter>Source Files\Rating</Filter>
    </ClInclude>
    <ClInclude Include="Movie.h">
      <Filter>Source Files\Movie</Filter>
    </ClInclude>
    <ClInclude Include="MovieList.h">
      <Filter>Source Files\Movie</Filter>
    </ClInclude>
    <ClInclude Include="Constants.h">
      <Filter>Source Files\Utils</Filter>
    </ClInclude>
    <ClInclude Include="FileUtils.h">
      <Filter>Source Files\Utils</Filter>
    </ClInclude>
    <ClInclude Include="NumberUtils.h">
      <Filter>Source Files\Utils</Filter>
    </ClInclude>
    <ClInclude Include="CharUtils.h">
      <Filter>Source Files\Utils</Filter>
    </ClInclude>
  </ItemGroup>
</Project>